// !$*UTF8*$!
{
	archiveVersion = 1;
	classes = {
	};
	objectVersion = 46;
	objects = {

/* Begin PBXBuildFile section */
		E66B1CC01E4C183C00B6593E /* README.md in Sources */ = {isa = PBXBuildFile; fileRef = E66B1CBF1E4C183C00B6593E /* README.md */; };
		E6C330A81E4C00CD0000AA37 /* icon_56811.png in Resources */ = {isa = PBXBuildFile; fileRef = E6C330A61E4C00CD0000AA37 /* icon_56811.png */; };
		E6E1BED819401B3600DA4D53 /* main.swift in Sources */ = {isa = PBXBuildFile; fileRef = E6E1BED719401B3600DA4D53 /* main.swift */; };
/* End PBXBuildFile section */

/* Begin PBXContainerItemProxy section */
		E6E1BEE519401B3600DA4D53 /* PBXContainerItemProxy */ = {
			isa = PBXContainerItemProxy;
			containerPortal = E6E1BECA19401B3600DA4D53 /* Project object */;
			proxyType = 1;
			remoteGlobalIDString = E6E1BED119401B3600DA4D53;
			remoteInfo = "Swift-Playgrounds";
		};
/* End PBXContainerItemProxy section */

/* Begin PBXFileReference section */
		E61C4B621E4BFC0200E4E565 /* ASwiftTour.playground */ = {isa = PBXFileReference; lastKnownFileType = file.playground; path = ASwiftTour.playground; sourceTree = "<group>"; };
		E61C4B641E4BFC0200E4E565 /* 01-TheBasics.playground */ = {isa = PBXFileReference; lastKnownFileType = file.playground; path = "01-TheBasics.playground"; sourceTree = "<group>"; };
		E61C4B651E4BFC0200E4E565 /* 02-BasicOperators.playground */ = {isa = PBXFileReference; lastKnownFileType = file.playground; path = "02-BasicOperators.playground"; sourceTree = "<group>"; };
		E61C4B661E4BFC0200E4E565 /* 03-StringsAndCharacters.playground */ = {isa = PBXFileReference; lastKnownFileType = file.playground; path = "03-StringsAndCharacters.playground"; sourceTree = "<group>"; };
		E61C4B671E4BFC0200E4E565 /* 04-CollectionTypes.playground */ = {isa = PBXFileReference; lastKnownFileType = file.playground; path = "04-CollectionTypes.playground"; sourceTree = "<group>"; };
		E61C4B681E4BFC0200E4E565 /* 05-ControlFlow.playground */ = {isa = PBXFileReference; lastKnownFileType = file.playground; path = "05-ControlFlow.playground"; sourceTree = "<group>"; };
		E61C4B691E4BFC0200E4E565 /* 06-Functions.playground */ = {isa = PBXFileReference; lastKnownFileType = file.playground; path = "06-Functions.playground"; sourceTree = "<group>"; };
		E61C4B6A1E4BFC0200E4E565 /* 07-Closures.playground */ = {isa = PBXFileReference; lastKnownFileType = file.playground; path = "07-Closures.playground"; sourceTree = "<group>"; };
		E61C4B6B1E4BFC0200E4E565 /* 08-Enumerations.playground */ = {isa = PBXFileReference; lastKnownFileType = file.playground; path = "08-Enumerations.playground"; sourceTree = "<group>"; };
		E61C4B6C1E4BFC0200E4E565 /* 09-ClassesAndStructures.playground */ = {isa = PBXFileReference; lastKnownFileType = file.playground; path = "09-ClassesAndStructures.playground"; sourceTree = "<group>"; };
		E61C4B6D1E4BFC0200E4E565 /* 10-Properties.playground */ = {isa = PBXFileReference; lastKnownFileType = file.playground; path = "10-Properties.playground"; sourceTree = "<group>"; };
		E61C4B6E1E4BFC0200E4E565 /* 11-Methods.playground */ = {isa = PBXFileReference; lastKnownFileType = file.playground; path = "11-Methods.playground"; sourceTree = "<group>"; };
		E61C4B6F1E4BFC0200E4E565 /* 12-Subscripts.playground */ = {isa = PBXFileReference; lastKnownFileType = file.playground; path = "12-Subscripts.playground"; sourceTree = "<group>"; };
		E61C4B701E4BFC0200E4E565 /* 13-Inheritance.playground */ = {isa = PBXFileReference; lastKnownFileType = file.playground; path = "13-Inheritance.playground"; sourceTree = "<group>"; };
		E61C4B711E4BFC0200E4E565 /* 14-Initialization.playground */ = {isa = PBXFileReference; lastKnownFileType = file.playground; path = "14-Initialization.playground"; sourceTree = "<group>"; };
		E61C4B721E4BFC0200E4E565 /* 15-Deinitialization.playground */ = {isa = PBXFileReference; lastKnownFileType = file.playground; path = "15-Deinitialization.playground"; sourceTree = "<group>"; };
		E61C4B731E4BFC0200E4E565 /* 16-AutomaticReferenceCounting.playground */ = {isa = PBXFileReference; lastKnownFileType = file.playground; path = "16-AutomaticReferenceCounting.playground"; sourceTree = "<group>"; };
		E61C4B741E4BFC0200E4E565 /* 17-OptionalChaining.playground */ = {isa = PBXFileReference; lastKnownFileType = file.playground; path = "17-OptionalChaining.playground"; sourceTree = "<group>"; };
		E61C4B751E4BFC0200E4E565 /* 18-ErrorHandling.playground */ = {isa = PBXFileReference; lastKnownFileType = file.playground; path = "18-ErrorHandling.playground"; sourceTree = "<group>"; };
		E61C4B761E4BFC0200E4E565 /* 19-TypeCasting.playground */ = {isa = PBXFileReference; lastKnownFileType = file.playground; path = "19-TypeCasting.playground"; sourceTree = "<group>"; };
		E61C4B771E4BFC0200E4E565 /* 20-NestedTypes.playground */ = {isa = PBXFileReference; lastKnownFileType = file.playground; path = "20-NestedTypes.playground"; sourceTree = "<group>"; };
		E61C4B781E4BFC0200E4E565 /* 21-Extensions.playground */ = {isa = PBXFileReference; lastKnownFileType = file.playground; path = "21-Extensions.playground"; sourceTree = "<group>"; };
		E61C4B791E4BFC0200E4E565 /* 22-Protocols.playground */ = {isa = PBXFileReference; lastKnownFileType = file.playground; path = "22-Protocols.playground"; sourceTree = "<group>"; };
		E61C4B7A1E4BFC0300E4E565 /* 23-Generics.playground */ = {isa = PBXFileReference; lastKnownFileType = file.playground; path = "23-Generics.playground"; sourceTree = "<group>"; };
		E61C4B7B1E4BFC0300E4E565 /* 24-AccessControl.playground */ = {isa = PBXFileReference; lastKnownFileType = file.playground; path = "24-AccessControl.playground"; sourceTree = "<group>"; };
		E61C4B7C1E4BFC0300E4E565 /* 25-AdvancedOperators.playground */ = {isa = PBXFileReference; lastKnownFileType = file.playground; path = "25-AdvancedOperators.playground"; sourceTree = "<group>"; };
		E66B1CBF1E4C183C00B6593E /* README.md */ = {isa = PBXFileReference; fileEncoding = 4; lastKnownFileType = net.daringfireball.markdown; path = README.md; sourceTree = "<group>"; };
		E6C3307F1E4BFCCF0000AA37 /* Swift-Playgrounds.app */ = {isa = PBXFileReference; explicitFileType = wrapper.application; includeInIndex = 0; path = "Swift-Playgrounds.app"; sourceTree = BUILT_PRODUCTS_DIR; };
		E6C330801E4BFCCF0000AA37 /* Swift-PlaygroundsTests.xctest */ = {isa = PBXFileReference; explicitFileType = wrapper.cfbundle; includeInIndex = 0; path = "Swift-PlaygroundsTests.xctest"; sourceTree = BUILT_PRODUCTS_DIR; };
		E6C330831E4C008E0000AA37 /* AdoptingCocoaDesignPatterns.playground */ = {isa = PBXFileReference; lastKnownFileType = file.playground; path = AdoptingCocoaDesignPatterns.playground; sourceTree = "<group>"; };
		E6C330841E4C008E0000AA37 /* BasicSetup.playground */ = {isa = PBXFileReference; lastKnownFileType = file.playground; path = BasicSetup.playground; sourceTree = "<group>"; };
		E6C330851E4C008E0000AA37 /* InteractingWithC-APIs.playground */ = {isa = PBXFileReference; lastKnownFileType = file.playground; path = "InteractingWithC-APIs.playground"; sourceTree = "<group>"; };
		E6C330861E4C008E0000AA37 /* InteractingWithObjective-C-APIs.playground */ = {isa = PBXFileReference; lastKnownFileType = file.playground; path = "InteractingWithObjective-C-APIs.playground"; sourceTree = "<group>"; };
		E6C330871E4C008E0000AA37 /* Mix&Match.playground */ = {isa = PBXFileReference; lastKnownFileType = file.playground; path = "Mix&Match.playground"; sourceTree = "<group>"; };
		E6C330881E4C008E0000AA37 /* WorkingWithCocoaDataTypes.playground */ = {isa = PBXFileReference; lastKnownFileType = file.playground; path = WorkingWithCocoaDataTypes.playground; sourceTree = "<group>"; };
		E6C3308A1E4C00A50000AA37 /* Array.playground */ = {isa = PBXFileReference; lastKnownFileType = file.playground; path = Array.playground; sourceTree = "<group>"; };
		E6C3308B1E4C00A50000AA37 /* Dictionary.playground */ = {isa = PBXFileReference; lastKnownFileType = file.playground; path = Dictionary.playground; sourceTree = "<group>"; };
		E6C3308C1E4C00A50000AA37 /* FreeFunctions.playground */ = {isa = PBXFileReference; lastKnownFileType = file.playground; path = FreeFunctions.playground; sourceTree = "<group>"; };
		E6C3308D1E4C00A50000AA37 /* NumericTypes.playground */ = {isa = PBXFileReference; lastKnownFileType = file.playground; path = NumericTypes.playground; sourceTree = "<group>"; };
		E6C3308E1E4C00A50000AA37 /* Protocols.playground */ = {isa = PBXFileReference; lastKnownFileType = file.playground; path = Protocols.playground; sourceTree = "<group>"; };
		E6C3308F1E4C00A50000AA37 /* String.playground */ = {isa = PBXFileReference; lastKnownFileType = file.playground; path = String.playground; sourceTree = "<group>"; };
		E6C330901E4C00A50000AA37 /* Undocumented.playground */ = {isa = PBXFileReference; lastKnownFileType = file.playground; path = Undocumented.playground; sourceTree = "<group>"; };
		E6C330921E4C00CD0000AA37 /* 2014-08-11-SwiftOperators.playground */ = {isa = PBXFileReference; lastKnownFileType = file.playground; path = "2014-08-11-SwiftOperators.playground"; sourceTree = "<group>"; };
		E6C330931E4C00CD0000AA37 /* Cheryls-Birthday-Alternative-1.playground */ = {isa = PBXFileReference; lastKnownFileType = file.playground; path = "Cheryls-Birthday-Alternative-1.playground"; sourceTree = "<group>"; };
		E6C330941E4C00CD0000AA37 /* Cheryls-Birthday.playground */ = {isa = PBXFileReference; lastKnownFileType = file.playground; path = "Cheryls-Birthday.playground"; sourceTree = "<group>"; };
		E6C330951E4C00CD0000AA37 /* WritingSwiftClassesWithObjectiveCBehaviour.playground */ = {isa = PBXFileReference; lastKnownFileType = file.playground; path = WritingSwiftClassesWithObjectiveCBehaviour.playground; sourceTree = "<group>"; };
		E6C330971E4C00CD0000AA37 /* 2014-08-08-LockingInSwift.playground */ = {isa = PBXFileReference; lastKnownFileType = file.playground; path = "2014-08-08-LockingInSwift.playground"; sourceTree = "<group>"; };
		E6C330991E4C00CD0000AA37 /* 2014-08-18-SwiftLiteralConvertibles.playground */ = {isa = PBXFileReference; lastKnownFileType = file.playground; path = "2014-08-18-SwiftLiteralConvertibles.playground"; sourceTree = "<group>"; };
		E6C3309B1E4C00CD0000AA37 /* 2014-07-23-AccessControl.playground */ = {isa = PBXFileReference; lastKnownFileType = file.playground; path = "2014-07-23-AccessControl.playground"; sourceTree = "<group>"; };
		E6C3309C1E4C00CD0000AA37 /* 2014-07-28-InteractingWithCPointers.playground */ = {isa = PBXFileReference; lastKnownFileType = file.playground; path = "2014-07-28-InteractingWithCPointers.playground"; sourceTree = "<group>"; };
		E6C3309D1E4C00CD0000AA37 /* 2014-08-05-Boolean.playground */ = {isa = PBXFileReference; lastKnownFileType = file.playground; path = "2014-08-05-Boolean.playground"; sourceTree = "<group>"; };
		E6C3309E1E4C00CD0000AA37 /* 2014-08-15-ValueAndReferenceTypes.playground */ = {isa = PBXFileReference; lastKnownFileType = file.playground; path = "2014-08-15-ValueAndReferenceTypes.playground"; sourceTree = "<group>"; };
		E6C3309F1E4C00CD0000AA37 /* 2014-08-27-OptionalCaseStudy-valuesForKeys.playground */ = {isa = PBXFileReference; lastKnownFileType = file.playground; path = "2014-08-27-OptionalCaseStudy-valuesForKeys.playground"; sourceTree = "<group>"; };
		E6C330A21E4C00CD0000AA37 /* AdvancedSwift.playground */ = {isa = PBXFileReference; lastKnownFileType = file.playground; path = AdvancedSwift.playground; sourceTree = "<group>"; };
		E6C330A51E4C00CD0000AA37 /* GameDevUniversity.playground */ = {isa = PBXFileReference; lastKnownFileType = file.playground; path = GameDevUniversity.playground; sourceTree = "<group>"; };
		E6C330A61E4C00CD0000AA37 /* icon_56811.png */ = {isa = PBXFileReference; lastKnownFileType = image.png; path = icon_56811.png; sourceTree = "<group>"; };
		E6C330A71E4C00CD0000AA37 /* SpriteKitTestbed.playground */ = {isa = PBXFileReference; lastKnownFileType = file.playground; path = SpriteKitTestbed.playground; sourceTree = "<group>"; };
		E6E1BED619401B3600DA4D53 /* Info.plist */ = {isa = PBXFileReference; lastKnownFileType = text.plist.xml; path = Info.plist; sourceTree = "<group>"; };
		E6E1BED719401B3600DA4D53 /* main.swift */ = {isa = PBXFileReference; lastKnownFileType = sourcecode.swift; path = main.swift; sourceTree = "<group>"; };
/* End PBXFileReference section */

/* Begin PBXFrameworksBuildPhase section */
		E6E1BECF19401B3600DA4D53 /* Frameworks */ = {
			isa = PBXFrameworksBuildPhase;
			buildActionMask = 2147483647;
			files = (
			);
			runOnlyForDeploymentPostprocessing = 0;
		};
		E6E1BEE119401B3600DA4D53 /* Frameworks */ = {
			isa = PBXFrameworksBuildPhase;
			buildActionMask = 2147483647;
			files = (
			);
			runOnlyForDeploymentPostprocessing = 0;
		};
/* End PBXFrameworksBuildPhase section */

/* Begin PBXGroup section */
		E61C4B611E4BFC0200E4E565 /* The Swift Programming Language */ = {
			isa = PBXGroup;
			children = (
				E61C4B621E4BFC0200E4E565 /* ASwiftTour.playground */,
				E61C4B631E4BFC0200E4E565 /* LanguageGuide */,
			);
			path = "The Swift Programming Language";
			sourceTree = "<group>";
		};
		E61C4B631E4BFC0200E4E565 /* LanguageGuide */ = {
			isa = PBXGroup;
			children = (
				E61C4B641E4BFC0200E4E565 /* 01-TheBasics.playground */,
				E61C4B651E4BFC0200E4E565 /* 02-BasicOperators.playground */,
				E61C4B661E4BFC0200E4E565 /* 03-StringsAndCharacters.playground */,
				E61C4B671E4BFC0200E4E565 /* 04-CollectionTypes.playground */,
				E61C4B681E4BFC0200E4E565 /* 05-ControlFlow.playground */,
				E61C4B691E4BFC0200E4E565 /* 06-Functions.playground */,
				E61C4B6A1E4BFC0200E4E565 /* 07-Closures.playground */,
				E61C4B6B1E4BFC0200E4E565 /* 08-Enumerations.playground */,
				E61C4B6C1E4BFC0200E4E565 /* 09-ClassesAndStructures.playground */,
				E61C4B6D1E4BFC0200E4E565 /* 10-Properties.playground */,
				E61C4B6E1E4BFC0200E4E565 /* 11-Methods.playground */,
				E61C4B6F1E4BFC0200E4E565 /* 12-Subscripts.playground */,
				E61C4B701E4BFC0200E4E565 /* 13-Inheritance.playground */,
				E61C4B711E4BFC0200E4E565 /* 14-Initialization.playground */,
				E61C4B721E4BFC0200E4E565 /* 15-Deinitialization.playground */,
				E61C4B731E4BFC0200E4E565 /* 16-AutomaticReferenceCounting.playground */,
				E61C4B741E4BFC0200E4E565 /* 17-OptionalChaining.playground */,
				E61C4B751E4BFC0200E4E565 /* 18-ErrorHandling.playground */,
				E61C4B761E4BFC0200E4E565 /* 19-TypeCasting.playground */,
				E61C4B771E4BFC0200E4E565 /* 20-NestedTypes.playground */,
				E61C4B781E4BFC0200E4E565 /* 21-Extensions.playground */,
				E61C4B791E4BFC0200E4E565 /* 22-Protocols.playground */,
				E61C4B7A1E4BFC0300E4E565 /* 23-Generics.playground */,
				E61C4B7B1E4BFC0300E4E565 /* 24-AccessControl.playground */,
				E61C4B7C1E4BFC0300E4E565 /* 25-AdvancedOperators.playground */,
			);
			path = LanguageGuide;
			sourceTree = "<group>";
		};
		E6C330821E4C008E0000AA37 /* Using Swift With Cocoa And Objective-C */ = {
			isa = PBXGroup;
			children = (
				E6C330831E4C008E0000AA37 /* AdoptingCocoaDesignPatterns.playground */,
				E6C330841E4C008E0000AA37 /* BasicSetup.playground */,
				E6C330851E4C008E0000AA37 /* InteractingWithC-APIs.playground */,
				E6C330861E4C008E0000AA37 /* InteractingWithObjective-C-APIs.playground */,
				E6C330871E4C008E0000AA37 /* Mix&Match.playground */,
				E6C330881E4C008E0000AA37 /* WorkingWithCocoaDataTypes.playground */,
			);
			path = "Using Swift With Cocoa And Objective-C";
			sourceTree = "<group>";
		};
		E6C330891E4C00A50000AA37 /* Swift Stanard Library */ = {
			isa = PBXGroup;
			children = (
				E6C3308A1E4C00A50000AA37 /* Array.playground */,
				E6C3308B1E4C00A50000AA37 /* Dictionary.playground */,
				E6C3308C1E4C00A50000AA37 /* FreeFunctions.playground */,
				E6C3308D1E4C00A50000AA37 /* NumericTypes.playground */,
				E6C3308E1E4C00A50000AA37 /* Protocols.playground */,
				E6C3308F1E4C00A50000AA37 /* String.playground */,
				E6C330901E4C00A50000AA37 /* Undocumented.playground */,
			);
			path = "Swift Stanard Library";
			sourceTree = "<group>";
		};
		E6C330911E4C00CD0000AA37 /* Others */ = {
			isa = PBXGroup;
			children = (
				E6C330921E4C00CD0000AA37 /* 2014-08-11-SwiftOperators.playground */,
				E6C330931E4C00CD0000AA37 /* Cheryls-Birthday-Alternative-1.playground */,
				E6C330941E4C00CD0000AA37 /* Cheryls-Birthday.playground */,
				E6C330951E4C00CD0000AA37 /* WritingSwiftClassesWithObjectiveCBehaviour.playground */,
			);
			path = Others;
			sourceTree = "<group>";
		};
		E6C330961E4C00CD0000AA37 /* Blogs */ = {
			isa = PBXGroup;
			children = (
				E6C330971E4C00CD0000AA37 /* 2014-08-08-LockingInSwift.playground */,
				E6C330981E4C00CD0000AA37 /* NSHipster */,
				E6C3309A1E4C00CD0000AA37 /* Swift Blog */,
			);
			path = Blogs;
			sourceTree = "<group>";
		};
		E6C330981E4C00CD0000AA37 /* NSHipster */ = {
			isa = PBXGroup;
			children = (
				E6C330991E4C00CD0000AA37 /* 2014-08-18-SwiftLiteralConvertibles.playground */,
			);
			path = NSHipster;
			sourceTree = "<group>";
		};
		E6C3309A1E4C00CD0000AA37 /* Swift Blog */ = {
			isa = PBXGroup;
			children = (
				E6C3309B1E4C00CD0000AA37 /* 2014-07-23-AccessControl.playground */,
				E6C3309C1E4C00CD0000AA37 /* 2014-07-28-InteractingWithCPointers.playground */,
				E6C3309D1E4C00CD0000AA37 /* 2014-08-05-Boolean.playground */,
				E6C3309E1E4C00CD0000AA37 /* 2014-08-15-ValueAndReferenceTypes.playground */,
				E6C3309F1E4C00CD0000AA37 /* 2014-08-27-OptionalCaseStudy-valuesForKeys.playground */,
			);
			path = "Swift Blog";
			sourceTree = "<group>";
		};
		E6C330A01E4C00CD0000AA37 /* WWDC */ = {
			isa = PBXGroup;
			children = (
				E6C330A11E4C00CD0000AA37 /* 2014 */,
			);
			path = WWDC;
			sourceTree = "<group>";
		};
		E6C330A11E4C00CD0000AA37 /* 2014 */ = {
			isa = PBXGroup;
			children = (
				E6C330A21E4C00CD0000AA37 /* AdvancedSwift.playground */,
			);
			path = 2014;
			sourceTree = "<group>";
		};
		E6C330A31E4C00CD0000AA37 /* Specific Technologies */ = {
			isa = PBXGroup;
			children = (
				E6C330A41E4C00CD0000AA37 /* SpriteKit */,
			);
			path = "Specific Technologies";
			sourceTree = "<group>";
		};
		E6C330A41E4C00CD0000AA37 /* SpriteKit */ = {
			isa = PBXGroup;
			children = (
				E6C330A51E4C00CD0000AA37 /* GameDevUniversity.playground */,
				E6C330A61E4C00CD0000AA37 /* icon_56811.png */,
				E6C330A71E4C00CD0000AA37 /* SpriteKitTestbed.playground */,
			);
			path = SpriteKit;
			sourceTree = "<group>";
		};
		E6E1BEC919401B3600DA4D53 = {
			isa = PBXGroup;
			children = (
				E66B1CBF1E4C183C00B6593E /* README.md */,
				E6E1BED419401B3600DA4D53 /* Swift-Playgrounds */,
				E6C3307F1E4BFCCF0000AA37 /* Swift-Playgrounds.app */,
				E6C330801E4BFCCF0000AA37 /* Swift-PlaygroundsTests.xctest */,
			);
			sourceTree = "<group>";
		};
		E6E1BED419401B3600DA4D53 /* Swift-Playgrounds */ = {
			isa = PBXGroup;
			children = (
				E61C4B611E4BFC0200E4E565 /* The Swift Programming Language */,
				E6C330821E4C008E0000AA37 /* Using Swift With Cocoa And Objective-C */,
				E6C330891E4C00A50000AA37 /* Swift Stanard Library */,
				E6C330911E4C00CD0000AA37 /* Others */,
				E6C330961E4C00CD0000AA37 /* Blogs */,
				E6C330A01E4C00CD0000AA37 /* WWDC */,
				E6C330A31E4C00CD0000AA37 /* Specific Technologies */,
				E6E1BED519401B3600DA4D53 /* Supporting Files */,
			);
			path = "Swift-Playgrounds";
			sourceTree = "<group>";
		};
		E6E1BED519401B3600DA4D53 /* Supporting Files */ = {
			isa = PBXGroup;
			children = (
				E6E1BED619401B3600DA4D53 /* Info.plist */,
				E6E1BED719401B3600DA4D53 /* main.swift */,
			);
			name = "Supporting Files";
			sourceTree = "<group>";
		};
/* End PBXGroup section */

/* Begin PBXNativeTarget section */
		E6E1BED119401B3600DA4D53 /* Swift-Playgrounds */ = {
			isa = PBXNativeTarget;
			buildConfigurationList = E6E1BEEE19401B3600DA4D53 /* Build configuration list for PBXNativeTarget "Swift-Playgrounds" */;
			buildPhases = (
				E6E1BECE19401B3600DA4D53 /* Sources */,
				E6E1BECF19401B3600DA4D53 /* Frameworks */,
				E6E1BED019401B3600DA4D53 /* Resources */,
			);
			buildRules = (
			);
			dependencies = (
			);
			name = "Swift-Playgrounds";
			productName = "Swift-Playgrounds";
			productReference = E6C3307F1E4BFCCF0000AA37 /* Swift-Playgrounds.app */;
			productType = "com.apple.product-type.application";
		};
		E6E1BEE319401B3600DA4D53 /* Swift-PlaygroundsTests */ = {
			isa = PBXNativeTarget;
			buildConfigurationList = E6E1BEF119401B3600DA4D53 /* Build configuration list for PBXNativeTarget "Swift-PlaygroundsTests" */;
			buildPhases = (
				E6E1BEE019401B3600DA4D53 /* Sources */,
				E6E1BEE119401B3600DA4D53 /* Frameworks */,
				E6E1BEE219401B3600DA4D53 /* Resources */,
			);
			buildRules = (
			);
			dependencies = (
				E6E1BEE619401B3600DA4D53 /* PBXTargetDependency */,
			);
			name = "Swift-PlaygroundsTests";
			productName = "Swift-PlaygroundsTests";
			productReference = E6C330801E4BFCCF0000AA37 /* Swift-PlaygroundsTests.xctest */;
			productType = "com.apple.product-type.bundle.unit-test";
		};
/* End PBXNativeTarget section */

/* Begin PBXProject section */
		E6E1BECA19401B3600DA4D53 /* Project object */ = {
			isa = PBXProject;
			attributes = {
				LastSwiftUpdateCheck = 0700;
				LastUpgradeCheck = 0700;
				ORGANIZATIONNAME = "Electronic Innovations";
				TargetAttributes = {
					E6E1BED119401B3600DA4D53 = {
						CreatedOnToolsVersion = 6.0;
						LastSwiftMigration = 0820;
					};
					E6E1BEE319401B3600DA4D53 = {
						CreatedOnToolsVersion = 6.0;
						LastSwiftMigration = 0820;
						TestTargetID = E6E1BED119401B3600DA4D53;
					};
				};
			};
			buildConfigurationList = E6E1BECD19401B3600DA4D53 /* Build configuration list for PBXProject "Swift-Playgrounds" */;
			compatibilityVersion = "Xcode 3.2";
			developmentRegion = English;
			hasScannedForEncodings = 0;
			knownRegions = (
				en,
				Base,
			);
			mainGroup = E6E1BEC919401B3600DA4D53;
			productRefGroup = E6E1BEC919401B3600DA4D53;
			projectDirPath = "";
			projectRoot = "";
			targets = (
				E6E1BED119401B3600DA4D53 /* Swift-Playgrounds */,
				E6E1BEE319401B3600DA4D53 /* Swift-PlaygroundsTests */,
			);
		};
/* End PBXProject section */

/* Begin PBXResourcesBuildPhase section */
		E6E1BED019401B3600DA4D53 /* Resources */ = {
			isa = PBXResourcesBuildPhase;
			buildActionMask = 2147483647;
			files = (
				E6C330A81E4C00CD0000AA37 /* icon_56811.png in Resources */,
			);
			runOnlyForDeploymentPostprocessing = 0;
		};
		E6E1BEE219401B3600DA4D53 /* Resources */ = {
			isa = PBXResourcesBuildPhase;
			buildActionMask = 2147483647;
			files = (
			);
			runOnlyForDeploymentPostprocessing = 0;
		};
/* End PBXResourcesBuildPhase section */

/* Begin PBXSourcesBuildPhase section */
		E6E1BECE19401B3600DA4D53 /* Sources */ = {
			isa = PBXSourcesBuildPhase;
			buildActionMask = 2147483647;
			files = (
				E66B1CC01E4C183C00B6593E /* README.md in Sources */,
				E6E1BED819401B3600DA4D53 /* main.swift in Sources */,
			);
			runOnlyForDeploymentPostprocessing = 0;
		};
		E6E1BEE019401B3600DA4D53 /* Sources */ = {
			isa = PBXSourcesBuildPhase;
			buildActionMask = 2147483647;
			files = (
			);
			runOnlyForDeploymentPostprocessing = 0;
		};
/* End PBXSourcesBuildPhase section */

/* Begin PBXTargetDependency section */
		E6E1BEE619401B3600DA4D53 /* PBXTargetDependency */ = {
			isa = PBXTargetDependency;
			target = E6E1BED119401B3600DA4D53 /* Swift-Playgrounds */;
			targetProxy = E6E1BEE519401B3600DA4D53 /* PBXContainerItemProxy */;
		};
/* End PBXTargetDependency section */

/* Begin XCBuildConfiguration section */
		E6E1BEEC19401B3600DA4D53 /* Debug */ = {
			isa = XCBuildConfiguration;
			buildSettings = {
				ALWAYS_SEARCH_USER_PATHS = NO;
				CLANG_CXX_LANGUAGE_STANDARD = "gnu++0x";
				CLANG_CXX_LIBRARY = "libc++";
				CLANG_ENABLE_MODULES = YES;
				CLANG_ENABLE_OBJC_ARC = YES;
				CLANG_WARN_BOOL_CONVERSION = YES;
				CLANG_WARN_CONSTANT_CONVERSION = YES;
				CLANG_WARN_DIRECT_OBJC_ISA_USAGE = YES_ERROR;
				CLANG_WARN_EMPTY_BODY = YES;
				CLANG_WARN_ENUM_CONVERSION = YES;
				CLANG_WARN_INT_CONVERSION = YES;
				CLANG_WARN_OBJC_ROOT_CLASS = YES_ERROR;
				CLANG_WARN_UNREACHABLE_CODE = YES;
				CLANG_WARN__DUPLICATE_METHOD_MATCH = YES;
				CODE_SIGN_IDENTITY = "-";
				COPY_PHASE_STRIP = NO;
				ENABLE_STRICT_OBJC_MSGSEND = YES;
				ENABLE_TESTABILITY = YES;
				GCC_C_LANGUAGE_STANDARD = gnu99;
				GCC_DYNAMIC_NO_PIC = NO;
				GCC_OPTIMIZATION_LEVEL = 0;
				GCC_PREPROCESSOR_DEFINITIONS = (
					"DEBUG=1",
					"$(inherited)",
				);
				GCC_SYMBOLS_PRIVATE_EXTERN = NO;
				GCC_WARN_64_TO_32_BIT_CONVERSION = YES;
				GCC_WARN_ABOUT_RETURN_TYPE = YES_ERROR;
				GCC_WARN_UNDECLARED_SELECTOR = YES;
				GCC_WARN_UNINITIALIZED_AUTOS = YES_AGGRESSIVE;
				GCC_WARN_UNUSED_FUNCTION = YES;
				GCC_WARN_UNUSED_VARIABLE = YES;
				MACOSX_DEPLOYMENT_TARGET = 10.9;
				METAL_ENABLE_DEBUG_INFO = YES;
				ONLY_ACTIVE_ARCH = YES;
				SDKROOT = macosx;
				SWIFT_OPTIMIZATION_LEVEL = "-Onone";
			};
			name = Debug;
		};
		E6E1BEED19401B3600DA4D53 /* Release */ = {
			isa = XCBuildConfiguration;
			buildSettings = {
				ALWAYS_SEARCH_USER_PATHS = NO;
				CLANG_CXX_LANGUAGE_STANDARD = "gnu++0x";
				CLANG_CXX_LIBRARY = "libc++";
				CLANG_ENABLE_MODULES = YES;
				CLANG_ENABLE_OBJC_ARC = YES;
				CLANG_WARN_BOOL_CONVERSION = YES;
				CLANG_WARN_CONSTANT_CONVERSION = YES;
				CLANG_WARN_DIRECT_OBJC_ISA_USAGE = YES_ERROR;
				CLANG_WARN_EMPTY_BODY = YES;
				CLANG_WARN_ENUM_CONVERSION = YES;
				CLANG_WARN_INT_CONVERSION = YES;
				CLANG_WARN_OBJC_ROOT_CLASS = YES_ERROR;
				CLANG_WARN_UNREACHABLE_CODE = YES;
				CLANG_WARN__DUPLICATE_METHOD_MATCH = YES;
				CODE_SIGN_IDENTITY = "-";
				COPY_PHASE_STRIP = YES;
				DEBUG_INFORMATION_FORMAT = "dwarf-with-dsym";
				ENABLE_NS_ASSERTIONS = NO;
				ENABLE_STRICT_OBJC_MSGSEND = YES;
				GCC_C_LANGUAGE_STANDARD = gnu99;
				GCC_WARN_64_TO_32_BIT_CONVERSION = YES;
				GCC_WARN_ABOUT_RETURN_TYPE = YES_ERROR;
				GCC_WARN_UNDECLARED_SELECTOR = YES;
				GCC_WARN_UNINITIALIZED_AUTOS = YES_AGGRESSIVE;
				GCC_WARN_UNUSED_FUNCTION = YES;
				GCC_WARN_UNUSED_VARIABLE = YES;
				MACOSX_DEPLOYMENT_TARGET = 10.9;
				METAL_ENABLE_DEBUG_INFO = NO;
				SDKROOT = macosx;
			};
			name = Release;
		};
		E6E1BEEF19401B3600DA4D53 /* Debug */ = {
			isa = XCBuildConfiguration;
			buildSettings = {
				ASSETCATALOG_COMPILER_APPICON_NAME = AppIcon;
				COMBINE_HIDPI_IMAGES = YES;
				INFOPLIST_FILE = "Swift-Playgrounds/Info.plist";
				LD_RUNPATH_SEARCH_PATHS = "$(inherited) @executable_path/../Frameworks";
				PRODUCT_BUNDLE_IDENTIFIER = "au.com.electronicinnovations.${PRODUCT_NAME:rfc1034identifier}";
				PRODUCT_NAME = "$(TARGET_NAME)";
				SWIFT_VERSION = 3.0;
			};
			name = Debug;
		};
		E6E1BEF019401B3600DA4D53 /* Release */ = {
			isa = XCBuildConfiguration;
			buildSettings = {
				ASSETCATALOG_COMPILER_APPICON_NAME = AppIcon;
				COMBINE_HIDPI_IMAGES = YES;
				INFOPLIST_FILE = "Swift-Playgrounds/Info.plist";
				LD_RUNPATH_SEARCH_PATHS = "$(inherited) @executable_path/../Frameworks";
				PRODUCT_BUNDLE_IDENTIFIER = "au.com.electronicinnovations.${PRODUCT_NAME:rfc1034identifier}";
				PRODUCT_NAME = "$(TARGET_NAME)";
				SWIFT_VERSION = 3.0;
			};
			name = Release;
		};
		E6E1BEF219401B3600DA4D53 /* Debug */ = {
			isa = XCBuildConfiguration;
			buildSettings = {
				BUNDLE_LOADER = "$(BUILT_PRODUCTS_DIR)/Swift-Playgrounds.app/Contents/MacOS/Swift-Playgrounds";
				COMBINE_HIDPI_IMAGES = YES;
				FRAMEWORK_SEARCH_PATHS = (
					"$(DEVELOPER_FRAMEWORKS_DIR)",
					"$(inherited)",
				);
				GCC_PREPROCESSOR_DEFINITIONS = (
					"DEBUG=1",
					"$(inherited)",
				);
				INFOPLIST_FILE = "Swift-PlaygroundsTests/Info.plist";
				LD_RUNPATH_SEARCH_PATHS = "$(inherited) @executable_path/../Frameworks @loader_path/../Frameworks";
				METAL_ENABLE_DEBUG_INFO = YES;
				PRODUCT_BUNDLE_IDENTIFIER = "au.com.electronicinnovations.${PRODUCT_NAME:rfc1034identifier}";
				PRODUCT_NAME = "$(TARGET_NAME)";
				SWIFT_VERSION = 3.0;
				TEST_HOST = "$(BUNDLE_LOADER)";
			};
			name = Debug;
		};
		E6E1BEF319401B3600DA4D53 /* Release */ = {
			isa = XCBuildConfiguration;
			buildSettings = {
				BUNDLE_LOADER = "$(BUILT_PRODUCTS_DIR)/Swift-Playgrounds.app/Contents/MacOS/Swift-Playgrounds";
				COMBINE_HIDPI_IMAGES = YES;
				FRAMEWORK_SEARCH_PATHS = (
					"$(DEVELOPER_FRAMEWORKS_DIR)",
					"$(inherited)",
				);
				INFOPLIST_FILE = "Swift-PlaygroundsTests/Info.plist";
				LD_RUNPATH_SEARCH_PATHS = "$(inherited) @executable_path/../Frameworks @loader_path/../Frameworks";
				METAL_ENABLE_DEBUG_INFO = NO;
				PRODUCT_BUNDLE_IDENTIFIER = "au.com.electronicinnovations.${PRODUCT_NAME:rfc1034identifier}";
				PRODUCT_NAME = "$(TARGET_NAME)";
				SWIFT_VERSION = 3.0;
				TEST_HOST = "$(BUNDLE_LOADER)";
			};
			name = Release;
		};
/* End XCBuildConfiguration section */

/* Begin XCConfigurationList section */
		E6E1BECD19401B3600DA4D53 /* Build configuration list for PBXProject "Swift-Playgrounds" */ = {
			isa = XCConfigurationList;
			buildConfigurations = (
				E6E1BEEC19401B3600DA4D53 /* Debug */,
				E6E1BEED19401B3600DA4D53 /* Release */,
			);
			defaultConfigurationIsVisible = 0;
			defaultConfigurationName = Release;
		};
		E6E1BEEE19401B3600DA4D53 /* Build configuration list for PBXNativeTarget "Swift-Playgrounds" */ = {
			isa = XCConfigurationList;
			buildConfigurations = (
				E6E1BEEF19401B3600DA4D53 /* Debug */,
				E6E1BEF019401B3600DA4D53 /* Release */,
			);
			defaultConfigurationIsVisible = 0;
			defaultConfigurationName = Release;
		};
		E6E1BEF119401B3600DA4D53 /* Build configuration list for PBXNativeTarget "Swift-PlaygroundsTests" */ = {
			isa = XCConfigurationList;
			buildConfigurations = (
				E6E1BEF219401B3600DA4D53 /* Debug */,
				E6E1BEF319401B3600DA4D53 /* Release */,
			);
			defaultConfigurationIsVisible = 0;
			defaultConfigurationName = Release;
		};
/* End XCConfigurationList section */
	};
	rootObject = E6E1BECA19401B3600DA4D53 /* Project object */;
}
